// !$*UTF8*$!
{
	archiveVersion = 1;
	classes = {
	};
	objectVersion = 55;
	objects = {

/* Begin PBXBuildFile section */
		481E09D227B0D7240041F93A /* ErrorHandler.swift in Sources */ = {isa = PBXBuildFile; fileRef = 481E09D127B0D7240041F93A /* ErrorHandler.swift */; };
		481E09D427B10EF40041F93A /* RestTemplate.swift in Sources */ = {isa = PBXBuildFile; fileRef = 481E09D327B10EF40041F93A /* RestTemplate.swift */; };
		481E09D727B12CA20041F93A /* RequestParametersProtocol.swift in Sources */ = {isa = PBXBuildFile; fileRef = 481E09D627B12CA20041F93A /* RequestParametersProtocol.swift */; };
		481E09D927B12D3A0041F93A /* HeaderProtocol.swift in Sources */ = {isa = PBXBuildFile; fileRef = 481E09D827B12D3A0041F93A /* HeaderProtocol.swift */; };
		481E09DC27B1302F0041F93A /* DeferredFuture.swift in Sources */ = {isa = PBXBuildFile; fileRef = 481E09DB27B1302F0041F93A /* DeferredFuture.swift */; };
		48200BB427B53C3A0086C214 /* PlanApi.swift in Sources */ = {isa = PBXBuildFile; fileRef = 48200BB327B53C3A0086C214 /* PlanApi.swift */; };
		48200BB627B53CF80086C214 /* ContentResponse.swift in Sources */ = {isa = PBXBuildFile; fileRef = 48200BB527B53CF80086C214 /* ContentResponse.swift */; };
		48200BB827B53E050086C214 /* NoticeResponse.swift in Sources */ = {isa = PBXBuildFile; fileRef = 48200BB727B53E050086C214 /* NoticeResponse.swift */; };
		48200BBA27B5FBD20086C214 /* PrivateProjectResponsse.swift in Sources */ = {isa = PBXBuildFile; fileRef = 48200BB927B5FBD20086C214 /* PrivateProjectResponsse.swift */; };
		48200BBC27B5FC4C0086C214 /* PublicProjectResponse.swift in Sources */ = {isa = PBXBuildFile; fileRef = 48200BBB27B5FC4C0086C214 /* PublicProjectResponse.swift */; };
		48200BBE27B5FE0E0086C214 /* SubscriberInPublicProjectResponse.swift in Sources */ = {isa = PBXBuildFile; fileRef = 48200BBD27B5FE0E0086C214 /* SubscriberInPublicProjectResponse.swift */; };
		48200BC027B5FE990086C214 /* TerminalResponse.swift in Sources */ = {isa = PBXBuildFile; fileRef = 48200BBF27B5FE990086C214 /* TerminalResponse.swift */; };
		48200BC227B5FECB0086C214 /* TodoOnProjectResponse.swift in Sources */ = {isa = PBXBuildFile; fileRef = 48200BC127B5FECB0086C214 /* TodoOnProjectResponse.swift */; };
		48200BC427B5FF650086C214 /* TodoOnResponsibleResponse.swift in Sources */ = {isa = PBXBuildFile; fileRef = 48200BC327B5FF650086C214 /* TodoOnResponsibleResponse.swift */; };
		48200BC627B5FFF90086C214 /* TokenResponse.swift in Sources */ = {isa = PBXBuildFile; fileRef = 48200BC527B5FFF90086C214 /* TokenResponse.swift */; };
		48200BC827B600710086C214 /* UserConfigResponse.swift in Sources */ = {isa = PBXBuildFile; fileRef = 48200BC727B600710086C214 /* UserConfigResponse.swift */; };
		48200BCA27B601290086C214 /* UserInTodoOnResponsibleResponse.swift in Sources */ = {isa = PBXBuildFile; fileRef = 48200BC927B601290086C214 /* UserInTodoOnResponsibleResponse.swift */; };
		48200BCC27B601770086C214 /* UserResponse.swift in Sources */ = {isa = PBXBuildFile; fileRef = 48200BCB27B601770086C214 /* UserResponse.swift */; };
		48200BCE27B605190086C214 /* V1.swift in Sources */ = {isa = PBXBuildFile; fileRef = 48200BCD27B605190086C214 /* V1.swift */; };
		48200BD027B671280086C214 /* ContentV1.swift in Sources */ = {isa = PBXBuildFile; fileRef = 48200BCF27B671280086C214 /* ContentV1.swift */; };
		48200BD227B726EA0086C214 /* VoidResponse.swift in Sources */ = {isa = PBXBuildFile; fileRef = 48200BD127B726EA0086C214 /* VoidResponse.swift */; };
		48200BD427B7299A0086C214 /* NoticeV1.swift in Sources */ = {isa = PBXBuildFile; fileRef = 48200BD327B729990086C214 /* NoticeV1.swift */; };
		48200BD627B72A980086C214 /* PrivateProjectV1.swift in Sources */ = {isa = PBXBuildFile; fileRef = 48200BD527B72A980086C214 /* PrivateProjectV1.swift */; };
		48200BD827B72E7D0086C214 /* PublicProjectV1.swift in Sources */ = {isa = PBXBuildFile; fileRef = 48200BD727B72E7D0086C214 /* PublicProjectV1.swift */; };
		48200BDA27B735740086C214 /* SubscriberV1.swift in Sources */ = {isa = PBXBuildFile; fileRef = 48200BD927B735740086C214 /* SubscriberV1.swift */; };
		48200BDC27B73B1B0086C214 /* TerminalV1.swift in Sources */ = {isa = PBXBuildFile; fileRef = 48200BDB27B73B1B0086C214 /* TerminalV1.swift */; };
		48200BDE27B73D990086C214 /* TodoV1.swift in Sources */ = {isa = PBXBuildFile; fileRef = 48200BDD27B73D990086C214 /* TodoV1.swift */; };
		48200BE027B7EB0E0086C214 /* TodoOnResponsibleV1.swift in Sources */ = {isa = PBXBuildFile; fileRef = 48200BDF27B7EB0E0086C214 /* TodoOnResponsibleV1.swift */; };
		48200BE227B7F04B0086C214 /* UserV1.swift in Sources */ = {isa = PBXBuildFile; fileRef = 48200BE127B7F04B0086C214 /* UserV1.swift */; };
		48200BE427B7F7BC0086C214 /* UserConfigV1.swift in Sources */ = {isa = PBXBuildFile; fileRef = 48200BE327B7F7BC0086C214 /* UserConfigV1.swift */; };
		4846E7B127ABE30300B3F89E /* plan_iosApp.swift in Sources */ = {isa = PBXBuildFile; fileRef = 4846E7B027ABE30300B3F89E /* plan_iosApp.swift */; };
		4846E7B527ABE30500B3F89E /* Assets.xcassets in Resources */ = {isa = PBXBuildFile; fileRef = 4846E7B427ABE30500B3F89E /* Assets.xcassets */; };
		4846E7B827ABE30500B3F89E /* Preview Assets.xcassets in Resources */ = {isa = PBXBuildFile; fileRef = 4846E7B727ABE30500B3F89E /* Preview Assets.xcassets */; };
		485C75AC27B9B7A000A523CB /* GenericPasswrodKeyChain.swift in Sources */ = {isa = PBXBuildFile; fileRef = 485C75AB27B9B7A000A523CB /* GenericPasswrodKeyChain.swift */; };
		485C75AE27BA0C2C00A523CB /* GenericPasswrodKeyChainCreator.swift in Sources */ = {isa = PBXBuildFile; fileRef = 485C75AD27BA0C2C00A523CB /* GenericPasswrodKeyChainCreator.swift */; };
		485C75B427BFE03400A523CB /* ValidationManager.swift in Sources */ = {isa = PBXBuildFile; fileRef = 485C75B327BFE03400A523CB /* ValidationManager.swift */; };
		485C75B627BFE09900A523CB /* Validator.swift in Sources */ = {isa = PBXBuildFile; fileRef = 485C75B527BFE09900A523CB /* Validator.swift */; };
		485C75B927BFE10D00A523CB /* Validatable.swift in Sources */ = {isa = PBXBuildFile; fileRef = 485C75B827BFE10D00A523CB /* Validatable.swift */; };
		485C75BB27BFE14B00A523CB /* SelectedInValidatable.swift in Sources */ = {isa = PBXBuildFile; fileRef = 485C75BA27BFE14B00A523CB /* SelectedInValidatable.swift */; };
		485C75BD27BFE17900A523CB /* NotBlankValidatable.swift in Sources */ = {isa = PBXBuildFile; fileRef = 485C75BC27BFE17900A523CB /* NotBlankValidatable.swift */; };
		485C75BF27BFE19F00A523CB /* NotNullValidatable.swift in Sources */ = {isa = PBXBuildFile; fileRef = 485C75BE27BFE19F00A523CB /* NotNullValidatable.swift */; };
		485C75C127BFE1D600A523CB /* RangeValidatable.swift in Sources */ = {isa = PBXBuildFile; fileRef = 485C75C027BFE1D600A523CB /* RangeValidatable.swift */; };
		485C75C327BFE1F900A523CB /* EqualValidatable.swift in Sources */ = {isa = PBXBuildFile; fileRef = 485C75C227BFE1F900A523CB /* EqualValidatable.swift */; };
		485C75C527BFE21900A523CB /* StringSizeRangeValidatable.swift in Sources */ = {isa = PBXBuildFile; fileRef = 485C75C427BFE21900A523CB /* StringSizeRangeValidatable.swift */; };
		485C75C727BFE24500A523CB /* AndValidatable.swift in Sources */ = {isa = PBXBuildFile; fileRef = 485C75C627BFE24500A523CB /* AndValidatable.swift */; };
		485C75C927BFE26400A523CB /* OrValidatable.swift in Sources */ = {isa = PBXBuildFile; fileRef = 485C75C827BFE26400A523CB /* OrValidatable.swift */; };
		485C75CB27BFE28600A523CB /* IfValidatable.swift in Sources */ = {isa = PBXBuildFile; fileRef = 485C75CA27BFE28600A523CB /* IfValidatable.swift */; };
		4875E45827B20A8A00F7BC5E /* ResponseErrorCreator.swift in Sources */ = {isa = PBXBuildFile; fileRef = 4875E45727B20A8A00F7BC5E /* ResponseErrorCreator.swift */; };
		4875E45D27B32E3D00F7BC5E /* ApiResponseErrorCreator.swift in Sources */ = {isa = PBXBuildFile; fileRef = 4875E45C27B32E3D00F7BC5E /* ApiResponseErrorCreator.swift */; };
		4875E45F27B3B2DC00F7BC5E /* JWTHeader.swift in Sources */ = {isa = PBXBuildFile; fileRef = 4875E45E27B3B2DC00F7BC5E /* JWTHeader.swift */; };
		4875E46127B4C8A300F7BC5E /* PlanBaseApi.swift in Sources */ = {isa = PBXBuildFile; fileRef = 4875E46027B4C8A300F7BC5E /* PlanBaseApi.swift */; };
		4875E46327B4CF8A00F7BC5E /* PlanRequestParamater.swift in Sources */ = {isa = PBXBuildFile; fileRef = 4875E46227B4CF8A00F7BC5E /* PlanRequestParamater.swift */; };
/* End PBXBuildFile section */

/* Begin PBXFileReference section */
		481E09D127B0D7240041F93A /* ErrorHandler.swift */ = {isa = PBXFileReference; lastKnownFileType = sourcecode.swift; path = ErrorHandler.swift; sourceTree = "<group>"; };
		481E09D327B10EF40041F93A /* RestTemplate.swift */ = {isa = PBXFileReference; lastKnownFileType = sourcecode.swift; path = RestTemplate.swift; sourceTree = "<group>"; };
		481E09D627B12CA20041F93A /* RequestParametersProtocol.swift */ = {isa = PBXFileReference; lastKnownFileType = sourcecode.swift; path = RequestParametersProtocol.swift; sourceTree = "<group>"; };
		481E09D827B12D3A0041F93A /* HeaderProtocol.swift */ = {isa = PBXFileReference; lastKnownFileType = sourcecode.swift; path = HeaderProtocol.swift; sourceTree = "<group>"; };
		481E09DB27B1302F0041F93A /* DeferredFuture.swift */ = {isa = PBXFileReference; lastKnownFileType = sourcecode.swift; path = DeferredFuture.swift; sourceTree = "<group>"; };
		48200BB327B53C3A0086C214 /* PlanApi.swift */ = {isa = PBXFileReference; lastKnownFileType = sourcecode.swift; path = PlanApi.swift; sourceTree = "<group>"; };
		48200BB527B53CF80086C214 /* ContentResponse.swift */ = {isa = PBXFileReference; lastKnownFileType = sourcecode.swift; path = ContentResponse.swift; sourceTree = "<group>"; };
		48200BB727B53E050086C214 /* NoticeResponse.swift */ = {isa = PBXFileReference; lastKnownFileType = sourcecode.swift; path = NoticeResponse.swift; sourceTree = "<group>"; };
		48200BB927B5FBD20086C214 /* PrivateProjectResponsse.swift */ = {isa = PBXFileReference; lastKnownFileType = sourcecode.swift; path = PrivateProjectResponsse.swift; sourceTree = "<group>"; };
		48200BBB27B5FC4C0086C214 /* PublicProjectResponse.swift */ = {isa = PBXFileReference; lastKnownFileType = sourcecode.swift; path = PublicProjectResponse.swift; sourceTree = "<group>"; };
		48200BBD27B5FE0E0086C214 /* SubscriberInPublicProjectResponse.swift */ = {isa = PBXFileReference; lastKnownFileType = sourcecode.swift; path = SubscriberInPublicProjectResponse.swift; sourceTree = "<group>"; };
		48200BBF27B5FE990086C214 /* TerminalResponse.swift */ = {isa = PBXFileReference; lastKnownFileType = sourcecode.swift; path = TerminalResponse.swift; sourceTree = "<group>"; };
		48200BC127B5FECB0086C214 /* TodoOnProjectResponse.swift */ = {isa = PBXFileReference; lastKnownFileType = sourcecode.swift; path = TodoOnProjectResponse.swift; sourceTree = "<group>"; };
		48200BC327B5FF650086C214 /* TodoOnResponsibleResponse.swift */ = {isa = PBXFileReference; lastKnownFileType = sourcecode.swift; path = TodoOnResponsibleResponse.swift; sourceTree = "<group>"; };
		48200BC527B5FFF90086C214 /* TokenResponse.swift */ = {isa = PBXFileReference; lastKnownFileType = sourcecode.swift; path = TokenResponse.swift; sourceTree = "<group>"; };
		48200BC727B600710086C214 /* UserConfigResponse.swift */ = {isa = PBXFileReference; lastKnownFileType = sourcecode.swift; path = UserConfigResponse.swift; sourceTree = "<group>"; };
		48200BC927B601290086C214 /* UserInTodoOnResponsibleResponse.swift */ = {isa = PBXFileReference; lastKnownFileType = sourcecode.swift; path = UserInTodoOnResponsibleResponse.swift; sourceTree = "<group>"; };
		48200BCB27B601770086C214 /* UserResponse.swift */ = {isa = PBXFileReference; lastKnownFileType = sourcecode.swift; path = UserResponse.swift; sourceTree = "<group>"; };
		48200BCD27B605190086C214 /* V1.swift */ = {isa = PBXFileReference; lastKnownFileType = sourcecode.swift; path = V1.swift; sourceTree = "<group>"; };
		48200BCF27B671280086C214 /* ContentV1.swift */ = {isa = PBXFileReference; lastKnownFileType = sourcecode.swift; path = ContentV1.swift; sourceTree = "<group>"; };
		48200BD127B726EA0086C214 /* VoidResponse.swift */ = {isa = PBXFileReference; lastKnownFileType = sourcecode.swift; path = VoidResponse.swift; sourceTree = "<group>"; };
		48200BD327B729990086C214 /* NoticeV1.swift */ = {isa = PBXFileReference; lastKnownFileType = sourcecode.swift; path = NoticeV1.swift; sourceTree = "<group>"; };
		48200BD527B72A980086C214 /* PrivateProjectV1.swift */ = {isa = PBXFileReference; lastKnownFileType = sourcecode.swift; path = PrivateProjectV1.swift; sourceTree = "<group>"; };
		48200BD727B72E7D0086C214 /* PublicProjectV1.swift */ = {isa = PBXFileReference; lastKnownFileType = sourcecode.swift; path = PublicProjectV1.swift; sourceTree = "<group>"; };
		48200BD927B735740086C214 /* SubscriberV1.swift */ = {isa = PBXFileReference; lastKnownFileType = sourcecode.swift; path = SubscriberV1.swift; sourceTree = "<group>"; };
		48200BDB27B73B1B0086C214 /* TerminalV1.swift */ = {isa = PBXFileReference; lastKnownFileType = sourcecode.swift; path = TerminalV1.swift; sourceTree = "<group>"; };
		48200BDD27B73D990086C214 /* TodoV1.swift */ = {isa = PBXFileReference; lastKnownFileType = sourcecode.swift; path = TodoV1.swift; sourceTree = "<group>"; };
		48200BDF27B7EB0E0086C214 /* TodoOnResponsibleV1.swift */ = {isa = PBXFileReference; lastKnownFileType = sourcecode.swift; path = TodoOnResponsibleV1.swift; sourceTree = "<group>"; };
		48200BE127B7F04B0086C214 /* UserV1.swift */ = {isa = PBXFileReference; lastKnownFileType = sourcecode.swift; path = UserV1.swift; sourceTree = "<group>"; };
		48200BE327B7F7BC0086C214 /* UserConfigV1.swift */ = {isa = PBXFileReference; lastKnownFileType = sourcecode.swift; path = UserConfigV1.swift; sourceTree = "<group>"; };
		4846E7AD27ABE30300B3F89E /* plan-ios.app */ = {isa = PBXFileReference; explicitFileType = wrapper.application; includeInIndex = 0; path = "plan-ios.app"; sourceTree = BUILT_PRODUCTS_DIR; };
		4846E7B027ABE30300B3F89E /* plan_iosApp.swift */ = {isa = PBXFileReference; lastKnownFileType = sourcecode.swift; path = plan_iosApp.swift; sourceTree = "<group>"; };
		4846E7B427ABE30500B3F89E /* Assets.xcassets */ = {isa = PBXFileReference; lastKnownFileType = folder.assetcatalog; path = Assets.xcassets; sourceTree = "<group>"; };
		4846E7B727ABE30500B3F89E /* Preview Assets.xcassets */ = {isa = PBXFileReference; lastKnownFileType = folder.assetcatalog; path = "Preview Assets.xcassets"; sourceTree = "<group>"; };
		485C75AB27B9B7A000A523CB /* GenericPasswrodKeyChain.swift */ = {isa = PBXFileReference; lastKnownFileType = sourcecode.swift; path = GenericPasswrodKeyChain.swift; sourceTree = "<group>"; };
		485C75AD27BA0C2C00A523CB /* GenericPasswrodKeyChainCreator.swift */ = {isa = PBXFileReference; lastKnownFileType = sourcecode.swift; path = GenericPasswrodKeyChainCreator.swift; sourceTree = "<group>"; };
		485C75B327BFE03400A523CB /* ValidationManager.swift */ = {isa = PBXFileReference; lastKnownFileType = sourcecode.swift; path = ValidationManager.swift; sourceTree = "<group>"; };
		485C75B527BFE09900A523CB /* Validator.swift */ = {isa = PBXFileReference; lastKnownFileType = sourcecode.swift; path = Validator.swift; sourceTree = "<group>"; };
		485C75B827BFE10D00A523CB /* Validatable.swift */ = {isa = PBXFileReference; lastKnownFileType = sourcecode.swift; path = Validatable.swift; sourceTree = "<group>"; };
		485C75BA27BFE14B00A523CB /* SelectedInValidatable.swift */ = {isa = PBXFileReference; lastKnownFileType = sourcecode.swift; path = SelectedInValidatable.swift; sourceTree = "<group>"; };
		485C75BC27BFE17900A523CB /* NotBlankValidatable.swift */ = {isa = PBXFileReference; lastKnownFileType = sourcecode.swift; path = NotBlankValidatable.swift; sourceTree = "<group>"; };
		485C75BE27BFE19F00A523CB /* NotNullValidatable.swift */ = {isa = PBXFileReference; lastKnownFileType = sourcecode.swift; path = NotNullValidatable.swift; sourceTree = "<group>"; };
		485C75C027BFE1D600A523CB /* RangeValidatable.swift */ = {isa = PBXFileReference; lastKnownFileType = sourcecode.swift; path = RangeValidatable.swift; sourceTree = "<group>"; };
		485C75C227BFE1F900A523CB /* EqualValidatable.swift */ = {isa = PBXFileReference; lastKnownFileType = sourcecode.swift; path = EqualValidatable.swift; sourceTree = "<group>"; };
		485C75C427BFE21900A523CB /* StringSizeRangeValidatable.swift */ = {isa = PBXFileReference; lastKnownFileType = sourcecode.swift; path = StringSizeRangeValidatable.swift; sourceTree = "<group>"; };
		485C75C627BFE24500A523CB /* AndValidatable.swift */ = {isa = PBXFileReference; lastKnownFileType = sourcecode.swift; path = AndValidatable.swift; sourceTree = "<group>"; };
		485C75C827BFE26400A523CB /* OrValidatable.swift */ = {isa = PBXFileReference; lastKnownFileType = sourcecode.swift; path = OrValidatable.swift; sourceTree = "<group>"; };
		485C75CA27BFE28600A523CB /* IfValidatable.swift */ = {isa = PBXFileReference; lastKnownFileType = sourcecode.swift; path = IfValidatable.swift; sourceTree = "<group>"; };
		4875E45727B20A8A00F7BC5E /* ResponseErrorCreator.swift */ = {isa = PBXFileReference; lastKnownFileType = sourcecode.swift; path = ResponseErrorCreator.swift; sourceTree = "<group>"; };
		4875E45C27B32E3D00F7BC5E /* ApiResponseErrorCreator.swift */ = {isa = PBXFileReference; lastKnownFileType = sourcecode.swift; path = ApiResponseErrorCreator.swift; sourceTree = "<group>"; };
		4875E45E27B3B2DC00F7BC5E /* JWTHeader.swift */ = {isa = PBXFileReference; lastKnownFileType = sourcecode.swift; path = JWTHeader.swift; sourceTree = "<group>"; };
		4875E46027B4C8A300F7BC5E /* PlanBaseApi.swift */ = {isa = PBXFileReference; lastKnownFileType = sourcecode.swift; path = PlanBaseApi.swift; sourceTree = "<group>"; };
		4875E46227B4CF8A00F7BC5E /* PlanRequestParamater.swift */ = {isa = PBXFileReference; lastKnownFileType = sourcecode.swift; path = PlanRequestParamater.swift; sourceTree = "<group>"; };
/* End PBXFileReference section */

/* Begin PBXFrameworksBuildPhase section */
		4846E7AA27ABE30300B3F89E /* Frameworks */ = {
			isa = PBXFrameworksBuildPhase;
			buildActionMask = 2147483647;
			files = (
			);
			runOnlyForDeploymentPostprocessing = 0;
		};
/* End PBXFrameworksBuildPhase section */

/* Begin PBXGroup section */
		481E09D527B12C790041F93A /* V1 */ = {
			isa = PBXGroup;
			children = (
				48200BD327B729990086C214 /* NoticeV1.swift */,
				48200BD527B72A980086C214 /* PrivateProjectV1.swift */,
				48200BD727B72E7D0086C214 /* PublicProjectV1.swift */,
				48200BD927B735740086C214 /* SubscriberV1.swift */,
				48200BDB27B73B1B0086C214 /* TerminalV1.swift */,
				48200BDD27B73D990086C214 /* TodoV1.swift */,
				48200BDF27B7EB0E0086C214 /* TodoOnResponsibleV1.swift */,
				48200BE127B7F04B0086C214 /* UserV1.swift */,
				48200BE327B7F7BC0086C214 /* UserConfigV1.swift */,
				48200BCF27B671280086C214 /* ContentV1.swift */,
				48200BCD27B605190086C214 /* V1.swift */,
			);
			path = V1;
			sourceTree = "<group>";
		};
		481E09DA27B130030041F93A /* Publishers */ = {
			isa = PBXGroup;
			children = (
				481E09DB27B1302F0041F93A /* DeferredFuture.swift */,
			);
			path = Publishers;
			sourceTree = "<group>";
		};
		4846E7A427ABE30300B3F89E = {
			isa = PBXGroup;
			children = (
				4846E7AF27ABE30300B3F89E /* plan-ios */,
				4846E7AE27ABE30300B3F89E /* Products */,
			);
			sourceTree = "<group>";
		};
		4846E7AE27ABE30300B3F89E /* Products */ = {
			isa = PBXGroup;
			children = (
				4846E7AD27ABE30300B3F89E /* plan-ios.app */,
			);
			name = Products;
			sourceTree = "<group>";
		};
		4846E7AF27ABE30300B3F89E /* plan-ios */ = {
			isa = PBXGroup;
			children = (
				485C75B227BFE01A00A523CB /* Validation */,
				485C75AA27B9B74600A523CB /* iphoneAdapters */,
				4875E45927B2A99B00F7BC5E /* Utility */,
				481E09DA27B130030041F93A /* Publishers */,
				4873C0E427B08F6A004F4126 /* ErrorHandlers */,
				4873C0E027B08B58004F4126 /* Views */,
				4873C0DF27B08B3C004F4126 /* Models */,
				4873C0DE27B08B1A004F4126 /* ViewModels */,
				4873C0DA27B08A6A004F4126 /* Client */,
				4846E7B027ABE30300B3F89E /* plan_iosApp.swift */,
				4846E7B427ABE30500B3F89E /* Assets.xcassets */,
				4846E7B627ABE30500B3F89E /* Preview Content */,
			);
			path = "plan-ios";
			sourceTree = "<group>";
		};
		4846E7B627ABE30500B3F89E /* Preview Content */ = {
			isa = PBXGroup;
			children = (
				4846E7B727ABE30500B3F89E /* Preview Assets.xcassets */,
			);
			path = "Preview Content";
			sourceTree = "<group>";
		};
		485C75AA27B9B74600A523CB /* iphoneAdapters */ = {
			isa = PBXGroup;
			children = (
				485C75AF27BA0D8100A523CB /* KeyChain */,
			);
			path = iphoneAdapters;
			sourceTree = "<group>";
		};
		485C75AF27BA0D8100A523CB /* KeyChain */ = {
			isa = PBXGroup;
			children = (
				485C75AD27BA0C2C00A523CB /* GenericPasswrodKeyChainCreator.swift */,
				485C75AB27B9B7A000A523CB /* GenericPasswrodKeyChain.swift */,
			);
			path = KeyChain;
			sourceTree = "<group>";
		};
		485C75B227BFE01A00A523CB /* Validation */ = {
			isa = PBXGroup;
			children = (
				485C75B727BFE0F700A523CB /* Validatable */,
				485C75B327BFE03400A523CB /* ValidationManager.swift */,
				485C75B527BFE09900A523CB /* Validator.swift */,
			);
			path = Validation;
			sourceTree = "<group>";
		};
		485C75B727BFE0F700A523CB /* Validatable */ = {
			isa = PBXGroup;
			children = (
				485C75B827BFE10D00A523CB /* Validatable.swift */,
				485C75BA27BFE14B00A523CB /* SelectedInValidatable.swift */,
				485C75BC27BFE17900A523CB /* NotBlankValidatable.swift */,
				485C75BE27BFE19F00A523CB /* NotNullValidatable.swift */,
				485C75C027BFE1D600A523CB /* RangeValidatable.swift */,
				485C75C227BFE1F900A523CB /* EqualValidatable.swift */,
				485C75C427BFE21900A523CB /* StringSizeRangeValidatable.swift */,
				485C75C627BFE24500A523CB /* AndValidatable.swift */,
				485C75C827BFE26400A523CB /* OrValidatable.swift */,
				485C75CA27BFE28600A523CB /* IfValidatable.swift */,
			);
			path = Validatable;
			sourceTree = "<group>";
		};
		4873C0DA27B08A6A004F4126 /* Client */ = {
			isa = PBXGroup;
			children = (
				4873C0E227B08B9D004F4126 /* Rest */,
				4873C0E127B08B6B004F4126 /* PlanApi */,
			);
			path = Client;
			sourceTree = "<group>";
		};
		4873C0DE27B08B1A004F4126 /* ViewModels */ = {
			isa = PBXGroup;
			children = (
			);
			path = ViewModels;
			sourceTree = "<group>";
		};
		4873C0DF27B08B3C004F4126 /* Models */ = {
			isa = PBXGroup;
			children = (
			);
			path = Models;
			sourceTree = "<group>";
		};
		4873C0E027B08B58004F4126 /* Views */ = {
			isa = PBXGroup;
			children = (
			);
			path = Views;
			sourceTree = "<group>";
		};
		4873C0E127B08B6B004F4126 /* PlanApi */ = {
			isa = PBXGroup;
			children = (
				4873C0E327B08C15004F4126 /* Entity */,
				481E09D527B12C790041F93A /* V1 */,
				4875E45E27B3B2DC00F7BC5E /* JWTHeader.swift */,
				4875E45C27B32E3D00F7BC5E /* ApiResponseErrorCreator.swift */,
				4875E46227B4CF8A00F7BC5E /* PlanRequestParamater.swift */,
				48200BB327B53C3A0086C214 /* PlanApi.swift */,
				4875E46027B4C8A300F7BC5E /* PlanBaseApi.swift */,
			);
			path = PlanApi;
			sourceTree = "<group>";
		};
		4873C0E227B08B9D004F4126 /* Rest */ = {
			isa = PBXGroup;
			children = (
				481E09D327B10EF40041F93A /* RestTemplate.swift */,
				481E09D627B12CA20041F93A /* RequestParametersProtocol.swift */,
				481E09D827B12D3A0041F93A /* HeaderProtocol.swift */,
				4875E45727B20A8A00F7BC5E /* ResponseErrorCreator.swift */,
			);
			path = Rest;
			sourceTree = "<group>";
		};
		4873C0E327B08C15004F4126 /* Entity */ = {
			isa = PBXGroup;
			children = (
				48200BB527B53CF80086C214 /* ContentResponse.swift */,
				48200BB727B53E050086C214 /* NoticeResponse.swift */,
				48200BBB27B5FC4C0086C214 /* PublicProjectResponse.swift */,
				48200BBD27B5FE0E0086C214 /* SubscriberInPublicProjectResponse.swift */,
				48200BC327B5FF650086C214 /* TodoOnResponsibleResponse.swift */,
				48200BC527B5FFF90086C214 /* TokenResponse.swift */,
				48200BC727B600710086C214 /* UserConfigResponse.swift */,
				48200BC927B601290086C214 /* UserInTodoOnResponsibleResponse.swift */,
				48200BCB27B601770086C214 /* UserResponse.swift */,
				48200BBF27B5FE990086C214 /* TerminalResponse.swift */,
				48200BC127B5FECB0086C214 /* TodoOnProjectResponse.swift */,
				48200BB927B5FBD20086C214 /* PrivateProjectResponsse.swift */,
				48200BD127B726EA0086C214 /* VoidResponse.swift */,
			);
			path = Entity;
			sourceTree = "<group>";
		};
		4873C0E427B08F6A004F4126 /* ErrorHandlers */ = {
			isa = PBXGroup;
			children = (
				481E09D127B0D7240041F93A /* ErrorHandler.swift */,
			);
			path = ErrorHandlers;
			sourceTree = "<group>";
		};
		4875E45927B2A99B00F7BC5E /* Utility */ = {
			isa = PBXGroup;
			children = (
			);
			path = Utility;
			sourceTree = "<group>";
		};
/* End PBXGroup section */

/* Begin PBXNativeTarget section */
		4846E7AC27ABE30300B3F89E /* plan-ios */ = {
			isa = PBXNativeTarget;
			buildConfigurationList = 4846E7BB27ABE30500B3F89E /* Build configuration list for PBXNativeTarget "plan-ios" */;
			buildPhases = (
				4846E7A927ABE30300B3F89E /* Sources */,
				4846E7AA27ABE30300B3F89E /* Frameworks */,
				4846E7AB27ABE30300B3F89E /* Resources */,
			);
			buildRules = (
			);
			dependencies = (
			);
			name = "plan-ios";
			productName = "plan-ios";
			productReference = 4846E7AD27ABE30300B3F89E /* plan-ios.app */;
			productType = "com.apple.product-type.application";
		};
/* End PBXNativeTarget section */

/* Begin PBXProject section */
		4846E7A527ABE30300B3F89E /* Project object */ = {
			isa = PBXProject;
			attributes = {
				BuildIndependentTargetsInParallel = 1;
				LastSwiftUpdateCheck = 1320;
				LastUpgradeCheck = 1320;
				TargetAttributes = {
					4846E7AC27ABE30300B3F89E = {
						CreatedOnToolsVersion = 13.2.1;
					};
				};
			};
			buildConfigurationList = 4846E7A827ABE30300B3F89E /* Build configuration list for PBXProject "plan-ios" */;
			compatibilityVersion = "Xcode 13.0";
			developmentRegion = en;
			hasScannedForEncodings = 0;
			knownRegions = (
				en,
				Base,
			);
			mainGroup = 4846E7A427ABE30300B3F89E;
			productRefGroup = 4846E7AE27ABE30300B3F89E /* Products */;
			projectDirPath = "";
			projectRoot = "";
			targets = (
				4846E7AC27ABE30300B3F89E /* plan-ios */,
			);
		};
/* End PBXProject section */

/* Begin PBXResourcesBuildPhase section */
		4846E7AB27ABE30300B3F89E /* Resources */ = {
			isa = PBXResourcesBuildPhase;
			buildActionMask = 2147483647;
			files = (
				4846E7B827ABE30500B3F89E /* Preview Assets.xcassets in Resources */,
				4846E7B527ABE30500B3F89E /* Assets.xcassets in Resources */,
			);
			runOnlyForDeploymentPostprocessing = 0;
		};
/* End PBXResourcesBuildPhase section */

/* Begin PBXSourcesBuildPhase section */
		4846E7A927ABE30300B3F89E /* Sources */ = {
			isa = PBXSourcesBuildPhase;
			buildActionMask = 2147483647;
			files = (
				485C75B627BFE09900A523CB /* Validator.swift in Sources */,
				485C75B427BFE03400A523CB /* ValidationManager.swift in Sources */,
				485C75CB27BFE28600A523CB /* IfValidatable.swift in Sources */,
				4875E45F27B3B2DC00F7BC5E /* JWTHeader.swift in Sources */,
				48200BE427B7F7BC0086C214 /* UserConfigV1.swift in Sources */,
				48200BE227B7F04B0086C214 /* UserV1.swift in Sources */,
				4875E45827B20A8A00F7BC5E /* ResponseErrorCreator.swift in Sources */,
				481E09D927B12D3A0041F93A /* HeaderProtocol.swift in Sources */,
				4875E46127B4C8A300F7BC5E /* PlanBaseApi.swift in Sources */,
				485C75BB27BFE14B00A523CB /* SelectedInValidatable.swift in Sources */,
				48200BD027B671280086C214 /* ContentV1.swift in Sources */,
				485C75BD27BFE17900A523CB /* NotBlankValidatable.swift in Sources */,
				4846E7B127ABE30300B3F89E /* plan_iosApp.swift in Sources */,
				485C75C727BFE24500A523CB /* AndValidatable.swift in Sources */,
				48200BB627B53CF80086C214 /* ContentResponse.swift in Sources */,
				48200BBA27B5FBD20086C214 /* PrivateProjectResponsse.swift in Sources */,
				48200BB427B53C3A0086C214 /* PlanApi.swift in Sources */,
				485C75B927BFE10D00A523CB /* Validatable.swift in Sources */,
				48200BCA27B601290086C214 /* UserInTodoOnResponsibleResponse.swift in Sources */,
				48200BE027B7EB0E0086C214 /* TodoOnResponsibleV1.swift in Sources */,
				48200BC227B5FECB0086C214 /* TodoOnProjectResponse.swift in Sources */,
				48200BC027B5FE990086C214 /* TerminalResponse.swift in Sources */,
				48200BDA27B735740086C214 /* SubscriberV1.swift in Sources */,
				48200BCC27B601770086C214 /* UserResponse.swift in Sources */,
				485C75C527BFE21900A523CB /* StringSizeRangeValidatable.swift in Sources */,
				48200BDC27B73B1B0086C214 /* TerminalV1.swift in Sources */,
				48200BD227B726EA0086C214 /* VoidResponse.swift in Sources */,
				48200BC427B5FF650086C214 /* TodoOnResponsibleResponse.swift in Sources */,
				48200BD827B72E7D0086C214 /* PublicProjectV1.swift in Sources */,
				485C75C127BFE1D600A523CB /* RangeValidatable.swift in Sources */,
				48200BD627B72A980086C214 /* PrivateProjectV1.swift in Sources */,
				48200BCE27B605190086C214 /* V1.swift in Sources */,
				481E09D427B10EF40041F93A /* RestTemplate.swift in Sources */,
				4875E45D27B32E3D00F7BC5E /* ApiResponseErrorCreator.swift in Sources */,
				481E09D227B0D7240041F93A /* ErrorHandler.swift in Sources */,
				485C75BF27BFE19F00A523CB /* NotNullValidatable.swift in Sources */,
				485C75C327BFE1F900A523CB /* EqualValidatable.swift in Sources */,
				48200BBC27B5FC4C0086C214 /* PublicProjectResponse.swift in Sources */,
				48200BB827B53E050086C214 /* NoticeResponse.swift in Sources */,
				48200BC627B5FFF90086C214 /* TokenResponse.swift in Sources */,
				481E09DC27B1302F0041F93A /* DeferredFuture.swift in Sources */,
				485C75AC27B9B7A000A523CB /* GenericPasswrodKeyChain.swift in Sources */,
				48200BBE27B5FE0E0086C214 /* SubscriberInPublicProjectResponse.swift in Sources */,
				48200BC827B600710086C214 /* UserConfigResponse.swift in Sources */,
				485C75C927BFE26400A523CB /* OrValidatable.swift in Sources */,
				4875E46327B4CF8A00F7BC5E /* PlanRequestParamater.swift in Sources */,
				48200BD427B7299A0086C214 /* NoticeV1.swift in Sources */,
				485C75AE27BA0C2C00A523CB /* GenericPasswrodKeyChainCreator.swift in Sources */,
				48200BDE27B73D990086C214 /* TodoV1.swift in Sources */,
				481E09D727B12CA20041F93A /* RequestParametersProtocol.swift in Sources */,
			);
			runOnlyForDeploymentPostprocessing = 0;
		};
/* End PBXSourcesBuildPhase section */

/* Begin XCBuildConfiguration section */
		4846E7B927ABE30500B3F89E /* Debug */ = {
			isa = XCBuildConfiguration;
			buildSettings = {
				ALWAYS_SEARCH_USER_PATHS = NO;
				CLANG_ANALYZER_NONNULL = YES;
				CLANG_ANALYZER_NUMBER_OBJECT_CONVERSION = YES_AGGRESSIVE;
				CLANG_CXX_LANGUAGE_STANDARD = "gnu++17";
				CLANG_CXX_LIBRARY = "libc++";
				CLANG_ENABLE_MODULES = YES;
				CLANG_ENABLE_OBJC_ARC = YES;
				CLANG_ENABLE_OBJC_WEAK = YES;
				CLANG_WARN_BLOCK_CAPTURE_AUTORELEASING = YES;
				CLANG_WARN_BOOL_CONVERSION = YES;
				CLANG_WARN_COMMA = YES;
				CLANG_WARN_CONSTANT_CONVERSION = YES;
				CLANG_WARN_DEPRECATED_OBJC_IMPLEMENTATIONS = YES;
				CLANG_WARN_DIRECT_OBJC_ISA_USAGE = YES_ERROR;
				CLANG_WARN_DOCUMENTATION_COMMENTS = YES;
				CLANG_WARN_EMPTY_BODY = YES;
				CLANG_WARN_ENUM_CONVERSION = YES;
				CLANG_WARN_INFINITE_RECURSION = YES;
				CLANG_WARN_INT_CONVERSION = YES;
				CLANG_WARN_NON_LITERAL_NULL_CONVERSION = YES;
				CLANG_WARN_OBJC_IMPLICIT_RETAIN_SELF = YES;
				CLANG_WARN_OBJC_LITERAL_CONVERSION = YES;
				CLANG_WARN_OBJC_ROOT_CLASS = YES_ERROR;
				CLANG_WARN_QUOTED_INCLUDE_IN_FRAMEWORK_HEADER = YES;
				CLANG_WARN_RANGE_LOOP_ANALYSIS = YES;
				CLANG_WARN_STRICT_PROTOTYPES = YES;
				CLANG_WARN_SUSPICIOUS_MOVE = YES;
				CLANG_WARN_UNGUARDED_AVAILABILITY = YES_AGGRESSIVE;
				CLANG_WARN_UNREACHABLE_CODE = YES;
				CLANG_WARN__DUPLICATE_METHOD_MATCH = YES;
				COPY_PHASE_STRIP = NO;
				DEBUG_INFORMATION_FORMAT = dwarf;
				ENABLE_STRICT_OBJC_MSGSEND = YES;
				ENABLE_TESTABILITY = YES;
				GCC_C_LANGUAGE_STANDARD = gnu11;
				GCC_DYNAMIC_NO_PIC = NO;
				GCC_NO_COMMON_BLOCKS = YES;
				GCC_OPTIMIZATION_LEVEL = 0;
				GCC_PREPROCESSOR_DEFINITIONS = (
					"DEBUG=1",
					"$(inherited)",
				);
				GCC_WARN_64_TO_32_BIT_CONVERSION = YES;
				GCC_WARN_ABOUT_RETURN_TYPE = YES_ERROR;
				GCC_WARN_UNDECLARED_SELECTOR = YES;
				GCC_WARN_UNINITIALIZED_AUTOS = YES_AGGRESSIVE;
				GCC_WARN_UNUSED_FUNCTION = YES;
				GCC_WARN_UNUSED_VARIABLE = YES;
				IPHONEOS_DEPLOYMENT_TARGET = 15.2;
				MTL_ENABLE_DEBUG_INFO = INCLUDE_SOURCE;
				MTL_FAST_MATH = YES;
				ONLY_ACTIVE_ARCH = YES;
				SDKROOT = iphoneos;
				SWIFT_ACTIVE_COMPILATION_CONDITIONS = DEBUG;
				SWIFT_OPTIMIZATION_LEVEL = "-Onone";
			};
			name = Debug;
		};
		4846E7BA27ABE30500B3F89E /* Release */ = {
			isa = XCBuildConfiguration;
			buildSettings = {
				ALWAYS_SEARCH_USER_PATHS = NO;
				CLANG_ANALYZER_NONNULL = YES;
				CLANG_ANALYZER_NUMBER_OBJECT_CONVERSION = YES_AGGRESSIVE;
				CLANG_CXX_LANGUAGE_STANDARD = "gnu++17";
				CLANG_CXX_LIBRARY = "libc++";
				CLANG_ENABLE_MODULES = YES;
				CLANG_ENABLE_OBJC_ARC = YES;
				CLANG_ENABLE_OBJC_WEAK = YES;
				CLANG_WARN_BLOCK_CAPTURE_AUTORELEASING = YES;
				CLANG_WARN_BOOL_CONVERSION = YES;
				CLANG_WARN_COMMA = YES;
				CLANG_WARN_CONSTANT_CONVERSION = YES;
				CLANG_WARN_DEPRECATED_OBJC_IMPLEMENTATIONS = YES;
				CLANG_WARN_DIRECT_OBJC_ISA_USAGE = YES_ERROR;
				CLANG_WARN_DOCUMENTATION_COMMENTS = YES;
				CLANG_WARN_EMPTY_BODY = YES;
				CLANG_WARN_ENUM_CONVERSION = YES;
				CLANG_WARN_INFINITE_RECURSION = YES;
				CLANG_WARN_INT_CONVERSION = YES;
				CLANG_WARN_NON_LITERAL_NULL_CONVERSION = YES;
				CLANG_WARN_OBJC_IMPLICIT_RETAIN_SELF = YES;
				CLANG_WARN_OBJC_LITERAL_CONVERSION = YES;
				CLANG_WARN_OBJC_ROOT_CLASS = YES_ERROR;
				CLANG_WARN_QUOTED_INCLUDE_IN_FRAMEWORK_HEADER = YES;
				CLANG_WARN_RANGE_LOOP_ANALYSIS = YES;
				CLANG_WARN_STRICT_PROTOTYPES = YES;
				CLANG_WARN_SUSPICIOUS_MOVE = YES;
				CLANG_WARN_UNGUARDED_AVAILABILITY = YES_AGGRESSIVE;
				CLANG_WARN_UNREACHABLE_CODE = YES;
				CLANG_WARN__DUPLICATE_METHOD_MATCH = YES;
				COPY_PHASE_STRIP = NO;
				DEBUG_INFORMATION_FORMAT = "dwarf-with-dsym";
				ENABLE_NS_ASSERTIONS = NO;
				ENABLE_STRICT_OBJC_MSGSEND = YES;
				GCC_C_LANGUAGE_STANDARD = gnu11;
				GCC_NO_COMMON_BLOCKS = YES;
				GCC_WARN_64_TO_32_BIT_CONVERSION = YES;
				GCC_WARN_ABOUT_RETURN_TYPE = YES_ERROR;
				GCC_WARN_UNDECLARED_SELECTOR = YES;
				GCC_WARN_UNINITIALIZED_AUTOS = YES_AGGRESSIVE;
				GCC_WARN_UNUSED_FUNCTION = YES;
				GCC_WARN_UNUSED_VARIABLE = YES;
				IPHONEOS_DEPLOYMENT_TARGET = 15.2;
				MTL_ENABLE_DEBUG_INFO = NO;
				MTL_FAST_MATH = YES;
				SDKROOT = iphoneos;
				SWIFT_COMPILATION_MODE = wholemodule;
				SWIFT_OPTIMIZATION_LEVEL = "-O";
				VALIDATE_PRODUCT = YES;
			};
			name = Release;
		};
		4846E7BC27ABE30500B3F89E /* Debug */ = {
			isa = XCBuildConfiguration;
			buildSettings = {
				ASSETCATALOG_COMPILER_APPICON_NAME = AppIcon;
				ASSETCATALOG_COMPILER_GLOBAL_ACCENT_COLOR_NAME = AccentColor;
				CODE_SIGN_STYLE = Automatic;
				CURRENT_PROJECT_VERSION = 1;
				DEVELOPMENT_ASSET_PATHS = "\"plan-ios/Preview Content\"";
				ENABLE_PREVIEWS = YES;
				GENERATE_INFOPLIST_FILE = YES;
				INFOPLIST_KEY_UIApplicationSceneManifest_Generation = YES;
				INFOPLIST_KEY_UIApplicationSupportsIndirectInputEvents = YES;
				INFOPLIST_KEY_UILaunchScreen_Generation = YES;
				INFOPLIST_KEY_UISupportedInterfaceOrientations_iPad = "UIInterfaceOrientationPortrait UIInterfaceOrientationPortraitUpsideDown UIInterfaceOrientationLandscapeLeft UIInterfaceOrientationLandscapeRight";
				INFOPLIST_KEY_UISupportedInterfaceOrientations_iPhone = "UIInterfaceOrientationPortrait UIInterfaceOrientationLandscapeLeft UIInterfaceOrientationLandscapeRight";
				LD_RUNPATH_SEARCH_PATHS = (
					"$(inherited)",
					"@executable_path/Frameworks",
				);
				MARKETING_VERSION = 1.0;
				PRODUCT_BUNDLE_IDENTIFIER = "jp.towelman.plan-ios";
				PRODUCT_NAME = "$(TARGET_NAME)";
				SWIFT_EMIT_LOC_STRINGS = YES;
				SWIFT_VERSION = 5.0;
				TARGETED_DEVICE_FAMILY = "1,2";
			};
			name = Debug;
		};
		4846E7BD27ABE30500B3F89E /* Release */ = {
			isa = XCBuildConfiguration;
			buildSettings = {
				ASSETCATALOG_COMPILER_APPICON_NAME = AppIcon;
				ASSETCATALOG_COMPILER_GLOBAL_ACCENT_COLOR_NAME = AccentColor;
				CODE_SIGN_STYLE = Automatic;
				CURRENT_PROJECT_VERSION = 1;
				DEVELOPMENT_ASSET_PATHS = "\"plan-ios/Preview Content\"";
				ENABLE_PREVIEWS = YES;
				GENERATE_INFOPLIST_FILE = YES;
				INFOPLIST_KEY_UIApplicationSceneManifest_Generation = YES;
				INFOPLIST_KEY_UIApplicationSupportsIndirectInputEvents = YES;
				INFOPLIST_KEY_UILaunchScreen_Generation = YES;
				INFOPLIST_KEY_UISupportedInterfaceOrientations_iPad = "UIInterfaceOrientationPortrait UIInterfaceOrientationPortraitUpsideDown UIInterfaceOrientationLandscapeLeft UIInterfaceOrientationLandscapeRight";
				INFOPLIST_KEY_UISupportedInterfaceOrientations_iPhone = "UIInterfaceOrientationPortrait UIInterfaceOrientationLandscapeLeft UIInterfaceOrientationLandscapeRight";
				LD_RUNPATH_SEARCH_PATHS = (
					"$(inherited)",
					"@executable_path/Frameworks",
				);
				MARKETING_VERSION = 1.0;
				PRODUCT_BUNDLE_IDENTIFIER = "jp.towelman.plan-ios";
				PRODUCT_NAME = "$(TARGET_NAME)";
				SWIFT_EMIT_LOC_STRINGS = YES;
				SWIFT_VERSION = 5.0;
				TARGETED_DEVICE_FAMILY = "1,2";
			};
			name = Release;
		};
/* End XCBuildConfiguration section */

/* Begin XCConfigurationList section */
		4846E7A827ABE30300B3F89E /* Build configuration list for PBXProject "plan-ios" */ = {
			isa = XCConfigurationList;
			buildConfigurations = (
				4846E7B927ABE30500B3F89E /* Debug */,
				4846E7BA27ABE30500B3F89E /* Release */,
			);
			defaultConfigurationIsVisible = 0;
			defaultConfigurationName = Release;
		};
		4846E7BB27ABE30500B3F89E /* Build configuration list for PBXNativeTarget "plan-ios" */ = {
			isa = XCConfigurationList;
			buildConfigurations = (
				4846E7BC27ABE30500B3F89E /* Debug */,
				4846E7BD27ABE30500B3F89E /* Release */,
			);
			defaultConfigurationIsVisible = 0;
			defaultConfigurationName = Release;
		};
/* End XCConfigurationList section */
	};
	rootObject = 4846E7A527ABE30300B3F89E /* Project object */;
}
